
Microsoft Visual Studio Solution File, Format Version 12.00
# Visual Studio Version 17
VisualStudioVersion = 17.14.36518.9 d17.14
MinimumVisualStudioVersion = 10.0.40219.1
Project("{FAE04EC0-301F-11D3-BF4B-00C04F79EFBC}") = "Calc3.0", "Calc3.0\Calc3.0.csproj", "{43462495-9798-4AA5-AF17-16BB8FFE22CC}"
EndProject
Global
	GlobalSection(SolutionConfigurationPlatforms) = preSolution
		Debug|Any CPU = Debug|Any CPU
		Release|Any CPU = Release|Any CPU
	EndGlobalSection
	GlobalSection(ProjectConfigurationPlatforms) = postSolution
		{43462495-9798-4AA5-AF17-16BB8FFE22CC}.Debug|Any CPU.ActiveCfg = Debug|Any CPU
		{43462495-9798-4AA5-AF17-16BB8FFE22CC}.Debug|Any CPU.Build.0 = Debug|Any CPU
		{43462495-9798-4AA5-AF17-16BB8FFE22CC}.Release|Any CPU.ActiveCfg = Release|Any CPU
		{43462495-9798-4AA5-AF17-16BB8FFE22CC}.Release|Any CPU.Build.0 = Release|Any CPU
	EndGlobalSection
	GlobalSection(SolutionProperties) = preSolution
		HideSolutionNode = FALSE
	EndGlobalSection
	GlobalSection(ExtensibilityGlobals) = postSolution
		SolutionGuid = {E3F9BA5C-3DEB-40D5-A784-4A1409536199}
	EndGlobalSection
EndGlobal
