
Microsoft Visual Studio Solution File, Format Version 12.00
# Visual Studio Version 17
VisualStudioVersion = 17.14.36623.8 d17.14
MinimumVisualStudioVersion = 10.0.40219.1
Project("{FAE04EC0-301F-11D3-BF4B-00C04F79EFBC}") = "Calculadora", "Calculadora\Calculadora.csproj", "{77C89DC2-F963-4089-AF76-FB1FD8257CA4}"
EndProject
Global
	GlobalSection(SolutionConfigurationPlatforms) = preSolution
		Debug|Any CPU = Debug|Any CPU
		Release|Any CPU = Release|Any CPU
	EndGlobalSection
	GlobalSection(ProjectConfigurationPlatforms) = postSolution
		{77C89DC2-F963-4089-AF76-FB1FD8257CA4}.Debug|Any CPU.ActiveCfg = Debug|Any CPU
		{77C89DC2-F963-4089-AF76-FB1FD8257CA4}.Debug|Any CPU.Build.0 = Debug|Any CPU
		{77C89DC2-F963-4089-AF76-FB1FD8257CA4}.Release|Any CPU.ActiveCfg = Release|Any CPU
		{77C89DC2-F963-4089-AF76-FB1FD8257CA4}.Release|Any CPU.Build.0 = Release|Any CPU
	EndGlobalSection
	GlobalSection(SolutionProperties) = preSolution
		HideSolutionNode = FALSE
	EndGlobalSection
	GlobalSection(ExtensibilityGlobals) = postSolution
		SolutionGuid = {C3D86095-D4CB-41ED-BFEE-F331FD26963D}
	EndGlobalSection
EndGlobal
